
Microsoft Visual Studio Solution File, Format Version 12.00
# Visual Studio Version 16
VisualStudioVersion = 16.0.30413.136
MinimumVisualStudioVersion = 10.0.40219.1
Project("{FAE04EC0-301F-11D3-BF4B-00C04F79EFBC}") = "ExamenFinal", "ExamenFinal\ExamenFinal.csproj", "{ADE3E00D-C356-4007-958B-A4DDD3D361E8}"
EndProject
Project("{FAE04EC0-301F-11D3-BF4B-00C04F79EFBC}") = "ExamenFinalPruebas", "ExamenFinalPruebas\ExamenFinalPruebas.csproj", "{78D86F5C-0212-4710-BDC7-A7B6C7E0AAD7}"
EndProject
Global
	GlobalSection(SolutionConfigurationPlatforms) = preSolution
		Debug|Any CPU = Debug|Any CPU
		Release|Any CPU = Release|Any CPU
	EndGlobalSection
	GlobalSection(ProjectConfigurationPlatforms) = postSolution
		{ADE3E00D-C356-4007-958B-A4DDD3D361E8}.Debug|Any CPU.ActiveCfg = Debug|Any CPU
		{ADE3E00D-C356-4007-958B-A4DDD3D361E8}.Debug|Any CPU.Build.0 = Debug|Any CPU
		{ADE3E00D-C356-4007-958B-A4DDD3D361E8}.Release|Any CPU.ActiveCfg = Release|Any CPU
		{ADE3E00D-C356-4007-958B-A4DDD3D361E8}.Release|Any CPU.Build.0 = Release|Any CPU
		{78D86F5C-0212-4710-BDC7-A7B6C7E0AAD7}.Debug|Any CPU.ActiveCfg = Debug|Any CPU
		{78D86F5C-0212-4710-BDC7-A7B6C7E0AAD7}.Debug|Any CPU.Build.0 = Debug|Any CPU
		{78D86F5C-0212-4710-BDC7-A7B6C7E0AAD7}.Release|Any CPU.ActiveCfg = Release|Any CPU
		{78D86F5C-0212-4710-BDC7-A7B6C7E0AAD7}.Release|Any CPU.Build.0 = Release|Any CPU
	EndGlobalSection
	GlobalSection(SolutionProperties) = preSolution
		HideSolutionNode = FALSE
	EndGlobalSection
	GlobalSection(ExtensibilityGlobals) = postSolution
		SolutionGuid = {41631DB5-F186-4855-805B-9D488E26597B}
	EndGlobalSection
EndGlobal
